{
  "name": "btt-node",
  "version": "0.0.3",
  "lockfileVersion": 1,
  "requires": true,
  "dependencies": {
    "encoding": {
      "version": "0.1.12",
      "resolved": "https://registry.npmjs.org/encoding/-/encoding-0.1.12.tgz",
      "integrity": "sha1-U4tm8+5izRq1HsMjgp0flIDHS+s=",
      "requires": {
        "iconv-lite": "0.4.23"
      }
    },
    "iconv-lite": {
      "version": "0.4.23",
      "resolved": "https://registry.npmjs.org/iconv-lite/-/iconv-lite-0.4.23.tgz",
      "integrity": "sha512-neyTUVFtahjf0mB3dZT77u+8O0QB89jFdnBkd5P1JgYPbPaia3gXXOVL2fq8VyU2gMMD7SaN7QukTB/pmXYvDA==",
      "requires": {
        "safer-buffer": "2.1.2"
      }
    },
    "is-stream": {
      "version": "1.1.0",
      "resolved": "https://registry.npmjs.org/is-stream/-/is-stream-1.1.0.tgz",
      "integrity": "sha1-EtSj3U5o4Lec6428hBc66A2RykQ="
    },
    "node-fetch-polyfill": {
      "version": "2.0.6",
      "resolved": "https://registry.npmjs.org/node-fetch-polyfill/-/node-fetch-polyfill-2.0.6.tgz",
      "integrity": "sha1-BzzjrWgmvbmVqHKM/E44I/IEQHo=",
      "requires": {
        "encoding": "0.1.12",
        "is-stream": "1.1.0",
        "node-web-streams": "0.2.2"
      }
    },
    "node-web-streams": {
      "version": "0.2.2",
      "resolved": "https://registry.npmjs.org/node-web-streams/-/node-web-streams-0.2.2.tgz",
      "integrity": "sha1-CH52u+t+jcVmhrJdtOYMX/nbCR8=",
      "requires": {
        "is-stream": "1.1.0",
        "web-streams-polyfill": "git://github.com/gwicke/web-streams-polyfill.git#42c488428adea1dc0c0245014e4896ad456b1ded"
      }
    },
    "safer-buffer": {
      "version": "2.1.2",
      "resolved": "https://registry.npmjs.org/safer-buffer/-/safer-buffer-2.1.2.tgz",
      "integrity": "sha512-YZo3K82SD7Riyi0E1EQPojLz7kpepnSQI9IyPbHHg1XXXevb5dJI7tpyN2ADxGcQbHG7vcyRHk0cbwqcQriUtg=="
    },
    "web-streams-polyfill": {
      "version": "git://github.com/gwicke/web-streams-polyfill.git#42c488428adea1dc0c0245014e4896ad456b1ded"
    }
  }
}
